<?xml version="1.0" encoding="utf-8"?>
<Project ToolsVersion="4.0" xmlns="http://schemas.microsoft.com/developer/msbuild/2003">
  <ItemGroup>
    <Filter Include="소스 파일">
      <UniqueIdentifier>{4FC737F1-C7A5-4376-A066-2A32D752A2FF}</UniqueIdentifier>
      <Extensions>cpp;c;cc;cxx;c++;cppm;ixx;def;odl;idl;hpj;bat;asm;asmx</Extensions>
    </Filter>
    <Filter Include="헤더 파일">
      <UniqueIdentifier>{93995380-89BD-4b04-88EB-625FBE52EBFB}</UniqueIdentifier>
      <Extensions>h;hh;hpp;hxx;h++;hm;inl;inc;ipp;xsd</Extensions>
    </Filter>
    <Filter Include="리소스 파일">
      <UniqueIdentifier>{67DA6AB6-F800-4c08-8B7A-83BB121AAD01}</UniqueIdentifier>
      <Extensions>rc;ico;cur;bmp;dlg;rc2;rct;bin;rgs;gif;jpg;jpeg;jpe;resx;tiff;tif;png;wav;mfcribbon-ms</Extensions>
    </Filter>
    <Filter Include="소스 파일\shader">
      <UniqueIdentifier>{3dca3759-a96a-4ce6-aa56-c40a54f934bc}</UniqueIdentifier>
    </Filter>
    <Filter Include="소스 파일\src">
      <UniqueIdentifier>{b30c855f-b390-4747-b28f-3691b3ea12d9}</UniqueIdentifier>
    </Filter>
    <Filter Include="헤더 파일\stb">
      <UniqueIdentifier>{69098562-0218-4e41-a28e-9c2c5c52897f}</UniqueIdentifier>
    </Filter>
    <Filter Include="소스 파일\src\stb">
      <UniqueIdentifier>{4854a44b-2d16-4dbb-a04f-04bf2f9b2276}</UniqueIdentifier>
    </Filter>
    <Filter Include="헤더 파일\GLM">
      <UniqueIdentifier>{9adb7eaf-88ba-4e64-b964-43cf6e3e3fb6}</UniqueIdentifier>
    </Filter>
    <Filter Include="헤더 파일\imgui">
      <UniqueIdentifier>{7401c280-43b3-49b5-be7d-461d0f0192a1}</UniqueIdentifier>
    </Filter>
    <Filter Include="소스 파일\src\imgui">
      <UniqueIdentifier>{ae0783f2-4520-40cc-89ec-5231ba35945a}</UniqueIdentifier>
    </Filter>
    <Filter Include="헤더 파일\panel">
      <UniqueIdentifier>{8e2a209a-6777-4bf8-a7ca-14ecdd9cc2c1}</UniqueIdentifier>
    </Filter>
    <Filter Include="소스 파일\src\panel">
      <UniqueIdentifier>{e2091f5b-fdc7-4a59-8154-3949c0947e12}</UniqueIdentifier>
    </Filter>
  </ItemGroup>
  <ItemGroup>
    <ClCompile Include="main.cpp">
      <Filter>소스 파일</Filter>
    </ClCompile>
    <ClCompile Include="src\cpp\VertexBuffer.cpp">
      <Filter>소스 파일\src</Filter>
    </ClCompile>
    <ClCompile Include="src\cpp\IndexBuffer.cpp">
      <Filter>소스 파일\src</Filter>
    </ClCompile>
    <ClCompile Include="src\cpp\Renderer.cpp">
      <Filter>소스 파일\src</Filter>
    </ClCompile>
    <ClCompile Include="src\cpp\VertexArray.cpp">
      <Filter>소스 파일\src</Filter>
    </ClCompile>
    <ClCompile Include="src\cpp\VertexBufferLayout.cpp">
      <Filter>소스 파일\src</Filter>
    </ClCompile>
    <ClCompile Include="src\cpp\Shader.cpp">
      <Filter>소스 파일\src</Filter>
    </ClCompile>
    <ClCompile Include="src\cpp\DebugRenderer.cpp">
      <Filter>소스 파일\src</Filter>
    </ClCompile>
    <ClCompile Include="src\cpp\stb\stb_image.cpp">
      <Filter>소스 파일\src\stb</Filter>
    </ClCompile>
    <ClCompile Include="src\cpp\Texture.cpp">
      <Filter>소스 파일\src</Filter>
    </ClCompile>
    <ClCompile Include="src\cpp\imgui\imgui_tables.cpp">
      <Filter>소스 파일\src\imgui</Filter>
    </ClCompile>
    <ClCompile Include="src\cpp\imgui\imgui_widgets.cpp">
      <Filter>소스 파일\src\imgui</Filter>
    </ClCompile>
    <ClCompile Include="src\cpp\imgui\imgui.cpp">
      <Filter>소스 파일\src\imgui</Filter>
    </ClCompile>
    <ClCompile Include="src\cpp\imgui\imgui_demo.cpp">
      <Filter>소스 파일\src\imgui</Filter>
    </ClCompile>
    <ClCompile Include="src\cpp\imgui\imgui_draw.cpp">
      <Filter>소스 파일\src\imgui</Filter>
    </ClCompile>
    <ClCompile Include="src\cpp\imgui\imgui_impl_opengl3.cpp">
      <Filter>소스 파일\src\imgui</Filter>
    </ClCompile>
    <ClCompile Include="src\cpp\imgui\imgui_impl_glfw.cpp">
      <Filter>소스 파일\src\imgui</Filter>
    </ClCompile>
    <ClCompile Include="src\cpp\panel\Menu.cpp">
      <Filter>소스 파일\src\panel</Filter>
    </ClCompile>
    <ClCompile Include="src\cpp\panel\PanelColor.cpp">
      <Filter>소스 파일\src\panel</Filter>
    </ClCompile>
    <ClCompile Include="src\cpp\panel\ModelPositionPanel.cpp">
      <Filter>소스 파일\src\panel</Filter>
    </ClCompile>
  </ItemGroup>
  <ItemGroup>
    <None Include="res\basic.shader">
      <Filter>소스 파일\shader</Filter>
    </None>
    <None Include="imgui.ini" />
    <None Include="..\Hansung4\Hansung4.vcxproj" />
    <None Include="..\Hansung4\Hansung4.vcxproj.filters" />
  </ItemGroup>
  <ItemGroup>
    <Image Include="res\texture\thunder.png">
      <Filter>리소스 파일</Filter>
    </Image>
  </ItemGroup>
  <ItemGroup>
    <ClInclude Include="src\header\stb_image.h">
      <Filter>헤더 파일\stb</Filter>
    </ClInclude>
    <ClInclude Include="src\header\Shader.h">
      <Filter>헤더 파일</Filter>
    </ClInclude>
    <ClInclude Include="src\header\DebugRenderer.h">
      <Filter>헤더 파일</Filter>
    </ClInclude>
    <ClInclude Include="src\header\IndexBuffer.h">
      <Filter>헤더 파일</Filter>
    </ClInclude>
    <ClInclude Include="src\header\Renderer.h">
      <Filter>헤더 파일</Filter>
    </ClInclude>
    <ClInclude Include="src\header\VertexBufferLayout.h">
      <Filter>헤더 파일</Filter>
    </ClInclude>
    <ClInclude Include="src\header\Texture.h">
      <Filter>헤더 파일</Filter>
    </ClInclude>
    <ClInclude Include="src\header\VertexArray.h">
      <Filter>헤더 파일</Filter>
    </ClInclude>
    <ClInclude Include="src\header\VertexBuffer.h">
      <Filter>헤더 파일</Filter>
    </ClInclude>
    <ClInclude Include="src\header\imgui\imstb_rectpack.h">
      <Filter>헤더 파일\imgui</Filter>
    </ClInclude>
    <ClInclude Include="src\header\imgui\imstb_textedit.h">
      <Filter>헤더 파일\imgui</Filter>
    </ClInclude>
    <ClInclude Include="src\header\imgui\imstb_truetype.h">
      <Filter>헤더 파일\imgui</Filter>
    </ClInclude>
    <ClInclude Include="src\header\imgui\imconfig.h">
      <Filter>헤더 파일\imgui</Filter>
    </ClInclude>
    <ClInclude Include="src\header\imgui\imgui.h">
      <Filter>헤더 파일\imgui</Filter>
    </ClInclude>
    <ClInclude Include="src\header\imgui\imgui_internal.h">
      <Filter>헤더 파일\imgui</Filter>
    </ClInclude>
    <ClInclude Include="src\header\imgui\imgui_impl_opengl3_loader.h">
      <Filter>헤더 파일\imgui</Filter>
    </ClInclude>
    <ClInclude Include="src\header\imgui\imgui_impl_glfw.h">
      <Filter>헤더 파일\imgui</Filter>
    </ClInclude>
    <ClInclude Include="src\header\imgui\imgui_impl_opengl3.h">
      <Filter>헤더 파일\imgui</Filter>
    </ClInclude>
    <ClInclude Include="src\header\panel\panel.h">
      <Filter>헤더 파일\panel</Filter>
    </ClInclude>
    <ClInclude Include="src\header\panel\Menu.h">
      <Filter>헤더 파일\panel</Filter>
    </ClInclude>
    <ClInclude Include="src\header\panel\PanelColor.h">
      <Filter>헤더 파일\panel</Filter>
    </ClInclude>
    <ClInclude Include="src\header\panel\ModelPositionPanel.h">
      <Filter>헤더 파일\panel</Filter>
    </ClInclude>
  </ItemGroup>
</Project>