<?xml version="1.0" encoding="utf-8"?>
<Project ToolsVersion="4.0" xmlns="http://schemas.microsoft.com/developer/msbuild/2003">
  <ItemGroup>
    <Filter Include="소스 파일">
      <UniqueIdentifier>{4FC737F1-C7A5-4376-A066-2A32D752A2FF}</UniqueIdentifier>
      <Extensions>cpp;c;cc;cxx;c++;cppm;ixx;def;odl;idl;hpj;bat;asm;asmx</Extensions>
    </Filter>
    <Filter Include="헤더 파일">
      <UniqueIdentifier>{93995380-89BD-4b04-88EB-625FBE52EBFB}</UniqueIdentifier>
      <Extensions>h;hh;hpp;hxx;h++;hm;inl;inc;ipp;xsd</Extensions>
    </Filter>
    <Filter Include="리소스 파일">
      <UniqueIdentifier>{67DA6AB6-F800-4c08-8B7A-83BB121AAD01}</UniqueIdentifier>
      <Extensions>rc;ico;cur;bmp;dlg;rc2;rct;bin;rgs;gif;jpg;jpeg;jpe;resx;tiff;tif;png;wav;mfcribbon-ms</Extensions>
    </Filter>
    <Filter Include="소스 파일\vs">
      <UniqueIdentifier>{3f24a2a4-f3e0-4f2b-91f8-868d3b71bb48}</UniqueIdentifier>
    </Filter>
    <Filter Include="소스 파일\fs">
      <UniqueIdentifier>{e917ee31-c67b-48b9-9c24-b80a7529b9e2}</UniqueIdentifier>
    </Filter>
    <Filter Include="소스 파일\Library">
      <UniqueIdentifier>{f2a440d9-6006-42c9-b915-b12e123366eb}</UniqueIdentifier>
    </Filter>
  </ItemGroup>
  <ItemGroup>
    <ClCompile Include="test.cpp">
      <Filter>소스 파일</Filter>
    </ClCompile>
    <ClCompile Include="src\solarsystem_sun_2planets_hw.cpp">
      <Filter>소스 파일</Filter>
    </ClCompile>
    <ClCompile Include="human.cpp">
      <Filter>소스 파일</Filter>
    </ClCompile>
    <ClCompile Include="src\glad.c">
      <Filter>소스 파일\Library</Filter>
    </ClCompile>
  </ItemGroup>
  <ItemGroup>
    <ClInclude Include="..\Include\KHR\khrplatform.h">
      <Filter>헤더 파일</Filter>
    </ClInclude>
    <ClInclude Include="header\j13.human.h">
      <Filter>헤더 파일</Filter>
    </ClInclude>
    <ClInclude Include="..\Include\glad\glad.h">
      <Filter>헤더 파일</Filter>
    </ClInclude>
    <ClInclude Include="header\shader.h">
      <Filter>헤더 파일</Filter>
    </ClInclude>
    <ClInclude Include="header\camera.h">
      <Filter>헤더 파일</Filter>
    </ClInclude>
  </ItemGroup>
  <ItemGroup>
    <None Include="src\vs\solarsystem_star.vs">
      <Filter>소스 파일\vs</Filter>
    </None>
    <None Include="src\vs\solarsystem_planet.vs">
      <Filter>소스 파일\vs</Filter>
    </None>
    <None Include="src\fs\solarsystem_planet.fs">
      <Filter>소스 파일\fs</Filter>
    </None>
    <None Include="src\fs\solarsystem_star.fs">
      <Filter>소스 파일\fs</Filter>
    </None>
    <None Include="src\fs\j13.human.fs">
      <Filter>소스 파일\fs</Filter>
    </None>
    <None Include="src\vs\j13.human.vs">
      <Filter>소스 파일\vs</Filter>
    </None>
    <None Include="src\vs\14.2.lamp.vs">
      <Filter>소스 파일\vs</Filter>
    </None>
    <None Include="src\vs\14.2.teapot.vs">
      <Filter>소스 파일\vs</Filter>
    </None>
    <None Include="src\fs\14.2.lamp.fs">
      <Filter>소스 파일\fs</Filter>
    </None>
    <None Include="src\fs\14.2.teapot.fs">
      <Filter>소스 파일\fs</Filter>
    </None>
    <None Include="src\vs\70.1.particle.vs">
      <Filter>소스 파일\vs</Filter>
    </None>
    <None Include="src\fs\70.1.particle.fs">
      <Filter>소스 파일\fs</Filter>
    </None>
  </ItemGroup>
</Project>